
Microsoft Visual Studio Solution File, Format Version 12.00
Project("{FAE04EC0-301F-11D3-BF4B-00C04F79EFBC}") = "CsvHelperSandbox", "CsvHelperSandbox\CsvHelperSandbox.csproj", "{D5D23EC0-092D-4201-AE3D-D81291DC935E}"
EndProject
Project("{FAE04EC0-301F-11D3-BF4B-00C04F79EFBC}") = "CsvTests", "CsvTests\CsvTests.csproj", "{5922AEAF-8358-494E-9D3D-620083AA8736}"
EndProject
Global
	GlobalSection(SolutionConfigurationPlatforms) = preSolution
		Debug|Any CPU = Debug|Any CPU
		Release|Any CPU = Release|Any CPU
	EndGlobalSection
	GlobalSection(ProjectConfigurationPlatforms) = postSolution
		{D5D23EC0-092D-4201-AE3D-D81291DC935E}.Debug|Any CPU.ActiveCfg = Debug|Any CPU
		{D5D23EC0-092D-4201-AE3D-D81291DC935E}.Debug|Any CPU.Build.0 = Debug|Any CPU
		{D5D23EC0-092D-4201-AE3D-D81291DC935E}.Release|Any CPU.ActiveCfg = Release|Any CPU
		{D5D23EC0-092D-4201-AE3D-D81291DC935E}.Release|Any CPU.Build.0 = Release|Any CPU
		{5922AEAF-8358-494E-9D3D-620083AA8736}.Debug|Any CPU.ActiveCfg = Debug|Any CPU
		{5922AEAF-8358-494E-9D3D-620083AA8736}.Debug|Any CPU.Build.0 = Debug|Any CPU
		{5922AEAF-8358-494E-9D3D-620083AA8736}.Release|Any CPU.ActiveCfg = Release|Any CPU
		{5922AEAF-8358-494E-9D3D-620083AA8736}.Release|Any CPU.Build.0 = Release|Any CPU
	EndGlobalSection
EndGlobal
